<?xml version="1.0" encoding="utf-8"?>
<Project ToolsVersion="4.0" xmlns="http://schemas.microsoft.com/developer/msbuild/2003">
  <ItemGroup>
    <Filter Include="Source Files">
      <UniqueIdentifier>{4FC737F1-C7A5-4376-A066-2A32D752A2FF}</UniqueIdentifier>
      <Extensions>cpp;c;cc;cxx;def;odl;idl;hpj;bat;asm;asmx</Extensions>
    </Filter>
    <Filter Include="Header Files">
      <UniqueIdentifier>{93995380-89BD-4b04-88EB-625FBE52EBFB}</UniqueIdentifier>
      <Extensions>h;hpp;hxx;hm;inl;inc;xsd</Extensions>
    </Filter>
    <Filter Include="Timer Files">
      <UniqueIdentifier>{460a4524-925f-46fe-9bac-ce4e9e13dbd9}</UniqueIdentifier>
    </Filter>
    <Filter Include="Header Files\Resource Files">
      <UniqueIdentifier>{67DA6AB6-F800-4c08-8B7A-83BB121AAD01}</UniqueIdentifier>
      <Extensions>rc;ico;cur;bmp;dlg;rc2;rct;bin;rgs;gif;jpg;jpeg;jpe;resx;tiff;tif;png;wav;mfcribbon-ms</Extensions>
    </Filter>
    <Filter Include="Recursive Fibonacci">
      <UniqueIdentifier>{86630cd9-4b57-471d-8226-1396ecd55560}</UniqueIdentifier>
    </Filter>
    <Filter Include="Iterative Fibonacci">
      <UniqueIdentifier>{33785092-5035-4339-8150-51050d70d4d7}</UniqueIdentifier>
    </Filter>
  </ItemGroup>
  <ItemGroup>
    <ClCompile Include="FibonacciMain.cpp">
      <Filter>Source Files</Filter>
    </ClCompile>
    <ClCompile Include="..\..\myTimer\timer.cpp">
      <Filter>Timer Files</Filter>
    </ClCompile>
    <ClCompile Include="..\..\recursiveFibonacci\recursiveFibonacci\recursiveFibonacci.cpp">
      <Filter>Recursive Fibonacci</Filter>
    </ClCompile>
    <ClCompile Include="..\..\iterativeFibonacci\iterativeFibonacci\iterativeFibonacci.cpp">
      <Filter>Iterative Fibonacci</Filter>
    </ClCompile>
  </ItemGroup>
  <ItemGroup>
    <ClInclude Include="..\..\myTimer\timer.h">
      <Filter>Timer Files</Filter>
    </ClInclude>
    <ClInclude Include="..\..\recursiveFibonacci\recursiveFibonacci\recursiveFibonacci.h">
      <Filter>Recursive Fibonacci</Filter>
    </ClInclude>
    <ClInclude Include="..\..\iterativeFibonacci\iterativeFibonacci\iterativeFibonacci.h">
      <Filter>Iterative Fibonacci</Filter>
    </ClInclude>
  </ItemGroup>
</Project>